// !$*UTF8*$!
{
	archiveVersion = 1;
	classes = {
	};
	objectVersion = 46;
	objects = {

/* Begin PBXBuildFile section */
		FE34248A193D9FAA00FFDFA1 /* Main_iPad.storyboard in Resources */ = {isa = PBXBuildFile; fileRef = FE3C70941932E5D2000ADDF2 /* Main_iPad.storyboard */; };
		FE3C70831932E5D2000ADDF2 /* Foundation.framework in Frameworks */ = {isa = PBXBuildFile; fileRef = FE3C70821932E5D2000ADDF2 /* Foundation.framework */; };
		FE3C70851932E5D2000ADDF2 /* CoreGraphics.framework in Frameworks */ = {isa = PBXBuildFile; fileRef = FE3C70841932E5D2000ADDF2 /* CoreGraphics.framework */; };
		FE3C70871932E5D2000ADDF2 /* UIKit.framework in Frameworks */ = {isa = PBXBuildFile; fileRef = FE3C70861932E5D2000ADDF2 /* UIKit.framework */; };
		FE3C708D1932E5D2000ADDF2 /* InfoPlist.strings in Resources */ = {isa = PBXBuildFile; fileRef = FE3C708B1932E5D2000ADDF2 /* InfoPlist.strings */; };
		FE3C708F1932E5D2000ADDF2 /* main.m in Sources */ = {isa = PBXBuildFile; fileRef = FE3C708E1932E5D2000ADDF2 /* main.m */; };
		FE3C70931932E5D2000ADDF2 /* AppDelegate.m in Sources */ = {isa = PBXBuildFile; fileRef = FE3C70921932E5D2000ADDF2 /* AppDelegate.m */; };
		FE3C70991932E5D2000ADDF2 /* MasterViewController.m in Sources */ = {isa = PBXBuildFile; fileRef = FE3C70981932E5D2000ADDF2 /* MasterViewController.m */; };
		FE3C709C1932E5D2000ADDF2 /* DetailViewController.m in Sources */ = {isa = PBXBuildFile; fileRef = FE3C709B1932E5D2000ADDF2 /* DetailViewController.m */; };
		FE3C709E1932E5D2000ADDF2 /* Images.xcassets in Resources */ = {isa = PBXBuildFile; fileRef = FE3C709D1932E5D2000ADDF2 /* Images.xcassets */; };
		FE3C70A51932E5D2000ADDF2 /* XCTest.framework in Frameworks */ = {isa = PBXBuildFile; fileRef = FE3C70A41932E5D2000ADDF2 /* XCTest.framework */; };
		FE3C70A61932E5D2000ADDF2 /* Foundation.framework in Frameworks */ = {isa = PBXBuildFile; fileRef = FE3C70821932E5D2000ADDF2 /* Foundation.framework */; };
		FE3C70A71932E5D2000ADDF2 /* UIKit.framework in Frameworks */ = {isa = PBXBuildFile; fileRef = FE3C70861932E5D2000ADDF2 /* UIKit.framework */; };
		FE3C70AF1932E5D2000ADDF2 /* InfoPlist.strings in Resources */ = {isa = PBXBuildFile; fileRef = FE3C70AD1932E5D2000ADDF2 /* InfoPlist.strings */; };
		FE3C70B11932E5D2000ADDF2 /* PresidentsTests.m in Sources */ = {isa = PBXBuildFile; fileRef = FE3C70B01932E5D2000ADDF2 /* PresidentsTests.m */; };
		FE3C70BC1932E767000ADDF2 /* SecondaryViewController.m in Sources */ = {isa = PBXBuildFile; fileRef = FE3C70BB1932E767000ADDF2 /* SecondaryViewController.m */; };
		FE4A86C819358348004CCAB8 /* 108-badge.png in Resources */ = {isa = PBXBuildFile; fileRef = FE4A86C619358347004CCAB8 /* 108-badge.png */; };
		FE4A86C919358348004CCAB8 /* 111-user.png in Resources */ = {isa = PBXBuildFile; fileRef = FE4A86C719358348004CCAB8 /* 111-user.png */; };
		FE4A86CB193583AD004CCAB8 /* PresidentList.plist in Resources */ = {isa = PBXBuildFile; fileRef = FE4A86CA193583AD004CCAB8 /* PresidentList.plist */; };
/* End PBXBuildFile section */

/* Begin PBXContainerItemProxy section */
		FE3C70A81932E5D2000ADDF2 /* PBXContainerItemProxy */ = {
			isa = PBXContainerItemProxy;
			containerPortal = FE3C70771932E5D1000ADDF2 /* Project object */;
			proxyType = 1;
			remoteGlobalIDString = FE3C707E1932E5D1000ADDF2;
			remoteInfo = Presidents;
		};
/* End PBXContainerItemProxy section */

/* Begin PBXFileReference section */
		FE3C707F1932E5D1000ADDF2 /* Presidents.app */ = {isa = PBXFileReference; explicitFileType = wrapper.application; includeInIndex = 0; path = Presidents.app; sourceTree = BUILT_PRODUCTS_DIR; };
		FE3C70821932E5D2000ADDF2 /* Foundation.framework */ = {isa = PBXFileReference; lastKnownFileType = wrapper.framework; name = Foundation.framework; path = System/Library/Frameworks/Foundation.framework; sourceTree = SDKROOT; };
		FE3C70841932E5D2000ADDF2 /* CoreGraphics.framework */ = {isa = PBXFileReference; lastKnownFileType = wrapper.framework; name = CoreGraphics.framework; path = System/Library/Frameworks/CoreGraphics.framework; sourceTree = SDKROOT; };
		FE3C70861932E5D2000ADDF2 /* UIKit.framework */ = {isa = PBXFileReference; lastKnownFileType = wrapper.framework; name = UIKit.framework; path = System/Library/Frameworks/UIKit.framework; sourceTree = SDKROOT; };
		FE3C708A1932E5D2000ADDF2 /* Presidents-Info.plist */ = {isa = PBXFileReference; lastKnownFileType = text.plist.xml; path = "Presidents-Info.plist"; sourceTree = "<group>"; };
		FE3C708C1932E5D2000ADDF2 /* en */ = {isa = PBXFileReference; lastKnownFileType = text.plist.strings; name = en; path = en.lproj/InfoPlist.strings; sourceTree = "<group>"; };
		FE3C708E1932E5D2000ADDF2 /* main.m */ = {isa = PBXFileReference; lastKnownFileType = sourcecode.c.objc; path = main.m; sourceTree = "<group>"; };
		FE3C70901932E5D2000ADDF2 /* Presidents-Prefix.pch */ = {isa = PBXFileReference; lastKnownFileType = sourcecode.c.h; path = "Presidents-Prefix.pch"; sourceTree = "<group>"; };
		FE3C70911932E5D2000ADDF2 /* AppDelegate.h */ = {isa = PBXFileReference; lastKnownFileType = sourcecode.c.h; path = AppDelegate.h; sourceTree = "<group>"; };
		FE3C70921932E5D2000ADDF2 /* AppDelegate.m */ = {isa = PBXFileReference; lastKnownFileType = sourcecode.c.objc; path = AppDelegate.m; sourceTree = "<group>"; };
		FE3C70951932E5D2000ADDF2 /* Base */ = {isa = PBXFileReference; lastKnownFileType = file.storyboard; name = Base; path = Base.lproj/Main_iPad.storyboard; sourceTree = "<group>"; };
		FE3C70971932E5D2000ADDF2 /* MasterViewController.h */ = {isa = PBXFileReference; lastKnownFileType = sourcecode.c.h; path = MasterViewController.h; sourceTree = "<group>"; };
		FE3C70981932E5D2000ADDF2 /* MasterViewController.m */ = {isa = PBXFileReference; lastKnownFileType = sourcecode.c.objc; path = MasterViewController.m; sourceTree = "<group>"; };
		FE3C709A1932E5D2000ADDF2 /* DetailViewController.h */ = {isa = PBXFileReference; lastKnownFileType = sourcecode.c.h; path = DetailViewController.h; sourceTree = "<group>"; };
		FE3C709B1932E5D2000ADDF2 /* DetailViewController.m */ = {isa = PBXFileReference; lastKnownFileType = sourcecode.c.objc; path = DetailViewController.m; sourceTree = "<group>"; };
		FE3C709D1932E5D2000ADDF2 /* Images.xcassets */ = {isa = PBXFileReference; lastKnownFileType = folder; path = Images.xcassets; sourceTree = "<group>"; };
		FE3C70A31932E5D2000ADDF2 /* PresidentsTests.xctest */ = {isa = PBXFileReference; explicitFileType = wrapper.cfbundle; includeInIndex = 0; path = PresidentsTests.xctest; sourceTree = BUILT_PRODUCTS_DIR; };
		FE3C70A41932E5D2000ADDF2 /* XCTest.framework */ = {isa = PBXFileReference; lastKnownFileType = wrapper.framework; name = XCTest.framework; path = Library/Frameworks/XCTest.framework; sourceTree = DEVELOPER_DIR; };
		FE3C70AC1932E5D2000ADDF2 /* PresidentsTests-Info.plist */ = {isa = PBXFileReference; lastKnownFileType = text.plist.xml; path = "PresidentsTests-Info.plist"; sourceTree = "<group>"; };
		FE3C70AE1932E5D2000ADDF2 /* en */ = {isa = PBXFileReference; lastKnownFileType = text.plist.strings; name = en; path = en.lproj/InfoPlist.strings; sourceTree = "<group>"; };
		FE3C70B01932E5D2000ADDF2 /* PresidentsTests.m */ = {isa = PBXFileReference; lastKnownFileType = sourcecode.c.objc; path = PresidentsTests.m; sourceTree = "<group>"; };
		FE3C70BA1932E767000ADDF2 /* SecondaryViewController.h */ = {isa = PBXFileReference; fileEncoding = 4; lastKnownFileType = sourcecode.c.h; path = SecondaryViewController.h; sourceTree = "<group>"; };
		FE3C70BB1932E767000ADDF2 /* SecondaryViewController.m */ = {isa = PBXFileReference; fileEncoding = 4; lastKnownFileType = sourcecode.c.objc; path = SecondaryViewController.m; sourceTree = "<group>"; };
		FE4A86C619358347004CCAB8 /* 108-badge.png */ = {isa = PBXFileReference; lastKnownFileType = image.png; name = "108-badge.png"; path = "../../../../../Documents/Presidents/108-badge.png"; sourceTree = "<group>"; };
		FE4A86C719358348004CCAB8 /* 111-user.png */ = {isa = PBXFileReference; lastKnownFileType = image.png; name = "111-user.png"; path = "../../../../../Documents/Presidents/111-user.png"; sourceTree = "<group>"; };
		FE4A86CA193583AD004CCAB8 /* PresidentList.plist */ = {isa = PBXFileReference; fileEncoding = 4; lastKnownFileType = text.plist.xml; name = PresidentList.plist; path = ../../../../../Documents/Presidents/PresidentList.plist; sourceTree = "<group>"; };
/* End PBXFileReference section */

/* Begin PBXFrameworksBuildPhase section */
		FE3C707C1932E5D1000ADDF2 /* Frameworks */ = {
			isa = PBXFrameworksBuildPhase;
			buildActionMask = 2147483647;
			files = (
				FE3C70851932E5D2000ADDF2 /* CoreGraphics.framework in Frameworks */,
				FE3C70871932E5D2000ADDF2 /* UIKit.framework in Frameworks */,
				FE3C70831932E5D2000ADDF2 /* Foundation.framework in Frameworks */,
			);
			runOnlyForDeploymentPostprocessing = 0;
		};
		FE3C70A01932E5D2000ADDF2 /* Frameworks */ = {
			isa = PBXFrameworksBuildPhase;
			buildActionMask = 2147483647;
			files = (
				FE3C70A51932E5D2000ADDF2 /* XCTest.framework in Frameworks */,
				FE3C70A71932E5D2000ADDF2 /* UIKit.framework in Frameworks */,
				FE3C70A61932E5D2000ADDF2 /* Foundation.framework in Frameworks */,
			);
			runOnlyForDeploymentPostprocessing = 0;
		};
/* End PBXFrameworksBuildPhase section */

/* Begin PBXGroup section */
		FE3C70761932E5D1000ADDF2 = {
			isa = PBXGroup;
			children = (
				FE3C70881932E5D2000ADDF2 /* Presidents */,
				FE3C70AA1932E5D2000ADDF2 /* PresidentsTests */,
				FE3C70811932E5D2000ADDF2 /* Frameworks */,
				FE3C70801932E5D1000ADDF2 /* Products */,
			);
			sourceTree = "<group>";
		};
		FE3C70801932E5D1000ADDF2 /* Products */ = {
			isa = PBXGroup;
			children = (
				FE3C707F1932E5D1000ADDF2 /* Presidents.app */,
				FE3C70A31932E5D2000ADDF2 /* PresidentsTests.xctest */,
			);
			name = Products;
			sourceTree = "<group>";
		};
		FE3C70811932E5D2000ADDF2 /* Frameworks */ = {
			isa = PBXGroup;
			children = (
				FE3C70821932E5D2000ADDF2 /* Foundation.framework */,
				FE3C70841932E5D2000ADDF2 /* CoreGraphics.framework */,
				FE3C70861932E5D2000ADDF2 /* UIKit.framework */,
				FE3C70A41932E5D2000ADDF2 /* XCTest.framework */,
			);
			name = Frameworks;
			sourceTree = "<group>";
		};
		FE3C70881932E5D2000ADDF2 /* Presidents */ = {
			isa = PBXGroup;
			children = (
				FE3C70911932E5D2000ADDF2 /* AppDelegate.h */,
				FE3C70921932E5D2000ADDF2 /* AppDelegate.m */,
				FE3C70941932E5D2000ADDF2 /* Main_iPad.storyboard */,
				FE3C70971932E5D2000ADDF2 /* MasterViewController.h */,
				FE3C70981932E5D2000ADDF2 /* MasterViewController.m */,
				FE3C709A1932E5D2000ADDF2 /* DetailViewController.h */,
				FE3C709B1932E5D2000ADDF2 /* DetailViewController.m */,
				FE3C709D1932E5D2000ADDF2 /* Images.xcassets */,
				FE3C70891932E5D2000ADDF2 /* Supporting Files */,
				FE3C70BA1932E767000ADDF2 /* SecondaryViewController.h */,
				FE3C70BB1932E767000ADDF2 /* SecondaryViewController.m */,
			);
			path = Presidents;
			sourceTree = "<group>";
		};
		FE3C70891932E5D2000ADDF2 /* Supporting Files */ = {
			isa = PBXGroup;
			children = (
				FE4A86C619358347004CCAB8 /* 108-badge.png */,
				FE4A86C719358348004CCAB8 /* 111-user.png */,
				FE4A86CA193583AD004CCAB8 /* PresidentList.plist */,
				FE3C708A1932E5D2000ADDF2 /* Presidents-Info.plist */,
				FE3C708B1932E5D2000ADDF2 /* InfoPlist.strings */,
				FE3C708E1932E5D2000ADDF2 /* main.m */,
				FE3C70901932E5D2000ADDF2 /* Presidents-Prefix.pch */,
			);
			name = "Supporting Files";
			sourceTree = "<group>";
		};
		FE3C70AA1932E5D2000ADDF2 /* PresidentsTests */ = {
			isa = PBXGroup;
			children = (
				FE3C70B01932E5D2000ADDF2 /* PresidentsTests.m */,
				FE3C70AB1932E5D2000ADDF2 /* Supporting Files */,
			);
			path = PresidentsTests;
			sourceTree = "<group>";
		};
		FE3C70AB1932E5D2000ADDF2 /* Supporting Files */ = {
			isa = PBXGroup;
			children = (
				FE3C70AC1932E5D2000ADDF2 /* PresidentsTests-Info.plist */,
				FE3C70AD1932E5D2000ADDF2 /* InfoPlist.strings */,
			);
			name = "Supporting Files";
			sourceTree = "<group>";
		};
/* End PBXGroup section */

/* Begin PBXNativeTarget section */
		FE3C707E1932E5D1000ADDF2 /* Presidents */ = {
			isa = PBXNativeTarget;
			buildConfigurationList = FE3C70B41932E5D2000ADDF2 /* Build configuration list for PBXNativeTarget "Presidents" */;
			buildPhases = (
				FE3C707B1932E5D1000ADDF2 /* Sources */,
				FE3C707C1932E5D1000ADDF2 /* Frameworks */,
				FE3C707D1932E5D1000ADDF2 /* Resources */,
			);
			buildRules = (
			);
			dependencies = (
			);
			name = Presidents;
			productName = Presidents;
			productReference = FE3C707F1932E5D1000ADDF2 /* Presidents.app */;
			productType = "com.apple.product-type.application";
		};
		FE3C70A21932E5D2000ADDF2 /* PresidentsTests */ = {
			isa = PBXNativeTarget;
			buildConfigurationList = FE3C70B71932E5D2000ADDF2 /* Build configuration list for PBXNativeTarget "PresidentsTests" */;
			buildPhases = (
				FE3C709F1932E5D2000ADDF2 /* Sources */,
				FE3C70A01932E5D2000ADDF2 /* Frameworks */,
				FE3C70A11932E5D2000ADDF2 /* Resources */,
			);
			buildRules = (
			);
			dependencies = (
				FE3C70A91932E5D2000ADDF2 /* PBXTargetDependency */,
			);
			name = PresidentsTests;
			productName = PresidentsTests;
			productReference = FE3C70A31932E5D2000ADDF2 /* PresidentsTests.xctest */;
			productType = "com.apple.product-type.bundle.unit-test";
		};
/* End PBXNativeTarget section */

/* Begin PBXProject section */
		FE3C70771932E5D1000ADDF2 /* Project object */ = {
			isa = PBXProject;
			attributes = {
				LastUpgradeCheck = 0510;
				ORGANIZATIONNAME = "The Kemper Group";
				TargetAttributes = {
					FE3C70A21932E5D2000ADDF2 = {
						TestTargetID = FE3C707E1932E5D1000ADDF2;
					};
				};
			};
			buildConfigurationList = FE3C707A1932E5D1000ADDF2 /* Build configuration list for PBXProject "Presidents" */;
			compatibilityVersion = "Xcode 3.2";
			developmentRegion = English;
			hasScannedForEncodings = 0;
			knownRegions = (
				en,
				Base,
			);
			mainGroup = FE3C70761932E5D1000ADDF2;
			productRefGroup = FE3C70801932E5D1000ADDF2 /* Products */;
			projectDirPath = "";
			projectRoot = "";
			targets = (
				FE3C707E1932E5D1000ADDF2 /* Presidents */,
				FE3C70A21932E5D2000ADDF2 /* PresidentsTests */,
			);
		};
/* End PBXProject section */

/* Begin PBXResourcesBuildPhase section */
		FE3C707D1932E5D1000ADDF2 /* Resources */ = {
			isa = PBXResourcesBuildPhase;
			buildActionMask = 2147483647;
			files = (
				FE3C709E1932E5D2000ADDF2 /* Images.xcassets in Resources */,
				FE4A86C919358348004CCAB8 /* 111-user.png in Resources */,
				FE4A86C819358348004CCAB8 /* 108-badge.png in Resources */,
				FE4A86CB193583AD004CCAB8 /* PresidentList.plist in Resources */,
				FE34248A193D9FAA00FFDFA1 /* Main_iPad.storyboard in Resources */,
				FE3C708D1932E5D2000ADDF2 /* InfoPlist.strings in Resources */,
			);
			runOnlyForDeploymentPostprocessing = 0;
		};
		FE3C70A11932E5D2000ADDF2 /* Resources */ = {
			isa = PBXResourcesBuildPhase;
			buildActionMask = 2147483647;
			files = (
				FE3C70AF1932E5D2000ADDF2 /* InfoPlist.strings in Resources */,
			);
			runOnlyForDeploymentPostprocessing = 0;
		};
/* End PBXResourcesBuildPhase section */

/* Begin PBXSourcesBuildPhase section */
		FE3C707B1932E5D1000ADDF2 /* Sources */ = {
			isa = PBXSourcesBuildPhase;
			buildActionMask = 2147483647;
			files = (
				FE3C70931932E5D2000ADDF2 /* AppDelegate.m in Sources */,
				FE3C70991932E5D2000ADDF2 /* MasterViewController.m in Sources */,
				FE3C70BC1932E767000ADDF2 /* SecondaryViewController.m in Sources */,
				FE3C708F1932E5D2000ADDF2 /* main.m in Sources */,
				FE3C709C1932E5D2000ADDF2 /* DetailViewController.m in Sources */,
			);
			runOnlyForDeploymentPostprocessing = 0;
		};
		FE3C709F1932E5D2000ADDF2 /* Sources */ = {
			isa = PBXSourcesBuildPhase;
			buildActionMask = 2147483647;
			files = (
				FE3C70B11932E5D2000ADDF2 /* PresidentsTests.m in Sources */,
			);
			runOnlyForDeploymentPostprocessing = 0;
		};
/* End PBXSourcesBuildPhase section */

/* Begin PBXTargetDependency section */
		FE3C70A91932E5D2000ADDF2 /* PBXTargetDependency */ = {
			isa = PBXTargetDependency;
			target = FE3C707E1932E5D1000ADDF2 /* Presidents */;
			targetProxy = FE3C70A81932E5D2000ADDF2 /* PBXContainerItemProxy */;
		};
/* End PBXTargetDependency section */

/* Begin PBXVariantGroup section */
		FE3C708B1932E5D2000ADDF2 /* InfoPlist.strings */ = {
			isa = PBXVariantGroup;
			children = (
				FE3C708C1932E5D2000ADDF2 /* en */,
			);
			name = InfoPlist.strings;
			sourceTree = "<group>";
		};
		FE3C70941932E5D2000ADDF2 /* Main_iPad.storyboard */ = {
			isa = PBXVariantGroup;
			children = (
				FE3C70951932E5D2000ADDF2 /* Base */,
			);
			name = Main_iPad.storyboard;
			sourceTree = "<group>";
		};
		FE3C70AD1932E5D2000ADDF2 /* InfoPlist.strings */ = {
			isa = PBXVariantGroup;
			children = (
				FE3C70AE1932E5D2000ADDF2 /* en */,
			);
			name = InfoPlist.strings;
			sourceTree = "<group>";
		};
/* End PBXVariantGroup section */

/* Begin XCBuildConfiguration section */
		FE3C70B21932E5D2000ADDF2 /* Debug */ = {
			isa = XCBuildConfiguration;
			buildSettings = {
				ALWAYS_SEARCH_USER_PATHS = NO;
				CLANG_CXX_LANGUAGE_STANDARD = "gnu++0x";
				CLANG_CXX_LIBRARY = "libc++";
				CLANG_ENABLE_MODULES = YES;
				CLANG_ENABLE_OBJC_ARC = YES;
				CLANG_WARN_BOOL_CONVERSION = YES;
				CLANG_WARN_CONSTANT_CONVERSION = YES;
				CLANG_WARN_DIRECT_OBJC_ISA_USAGE = YES_ERROR;
				CLANG_WARN_EMPTY_BODY = YES;
				CLANG_WARN_ENUM_CONVERSION = YES;
				CLANG_WARN_INT_CONVERSION = YES;
				CLANG_WARN_OBJC_ROOT_CLASS = YES_ERROR;
				CLANG_WARN__DUPLICATE_METHOD_MATCH = YES;
				"CODE_SIGN_IDENTITY[sdk=iphoneos*]" = "iPhone Developer";
				COPY_PHASE_STRIP = NO;
				GCC_C_LANGUAGE_STANDARD = gnu99;
				GCC_DYNAMIC_NO_PIC = NO;
				GCC_OPTIMIZATION_LEVEL = 0;
				GCC_PREPROCESSOR_DEFINITIONS = (
					"DEBUG=1",
					"$(inherited)",
				);
				GCC_SYMBOLS_PRIVATE_EXTERN = NO;
				GCC_WARN_64_TO_32_BIT_CONVERSION = YES;
				GCC_WARN_ABOUT_RETURN_TYPE = YES_ERROR;
				GCC_WARN_UNDECLARED_SELECTOR = YES;
				GCC_WARN_UNINITIALIZED_AUTOS = YES_AGGRESSIVE;
				GCC_WARN_UNUSED_FUNCTION = YES;
				GCC_WARN_UNUSED_VARIABLE = YES;
				IPHONEOS_DEPLOYMENT_TARGET = 7.1;
				ONLY_ACTIVE_ARCH = YES;
				SDKROOT = iphoneos;
				TARGETED_DEVICE_FAMILY = 2;
			};
			name = Debug;
		};
		FE3C70B31932E5D2000ADDF2 /* Release */ = {
			isa = XCBuildConfiguration;
			buildSettings = {
				ALWAYS_SEARCH_USER_PATHS = NO;
				CLANG_CXX_LANGUAGE_STANDARD = "gnu++0x";
				CLANG_CXX_LIBRARY = "libc++";
				CLANG_ENABLE_MODULES = YES;
				CLANG_ENABLE_OBJC_ARC = YES;
				CLANG_WARN_BOOL_CONVERSION = YES;
				CLANG_WARN_CONSTANT_CONVERSION = YES;
				CLANG_WARN_DIRECT_OBJC_ISA_USAGE = YES_ERROR;
				CLANG_WARN_EMPTY_BODY = YES;
				CLANG_WARN_ENUM_CONVERSION = YES;
				CLANG_WARN_INT_CONVERSION = YES;
				CLANG_WARN_OBJC_ROOT_CLASS = YES_ERROR;
				CLANG_WARN__DUPLICATE_METHOD_MATCH = YES;
				"CODE_SIGN_IDENTITY[sdk=iphoneos*]" = "iPhone Developer";
				COPY_PHASE_STRIP = YES;
				ENABLE_NS_ASSERTIONS = NO;
				GCC_C_LANGUAGE_STANDARD = gnu99;
				GCC_WARN_64_TO_32_BIT_CONVERSION = YES;
				GCC_WARN_ABOUT_RETURN_TYPE = YES_ERROR;
				GCC_WARN_UNDECLARED_SELECTOR = YES;
				GCC_WARN_UNINITIALIZED_AUTOS = YES_AGGRESSIVE;
				GCC_WARN_UNUSED_FUNCTION = YES;
				GCC_WARN_UNUSED_VARIABLE = YES;
				IPHONEOS_DEPLOYMENT_TARGET = 7.1;
				SDKROOT = iphoneos;
				TARGETED_DEVICE_FAMILY = 2;
				VALIDATE_PRODUCT = YES;
			};
			name = Release;
		};
		FE3C70B51932E5D2000ADDF2 /* Debug */ = {
			isa = XCBuildConfiguration;
			buildSettings = {
				ASSETCATALOG_COMPILER_APPICON_NAME = AppIcon;
				ASSETCATALOG_COMPILER_LAUNCHIMAGE_NAME = LaunchImage;
				GCC_PRECOMPILE_PREFIX_HEADER = YES;
				GCC_PREFIX_HEADER = "Presidents/Presidents-Prefix.pch";
				INFOPLIST_FILE = "Presidents/Presidents-Info.plist";
				IPHONEOS_DEPLOYMENT_TARGET = 8.0;
				PRODUCT_NAME = "$(TARGET_NAME)";
				TARGETED_DEVICE_FAMILY = 2;
				WRAPPER_EXTENSION = app;
			};
			name = Debug;
		};
		FE3C70B61932E5D2000ADDF2 /* Release */ = {
			isa = XCBuildConfiguration;
			buildSettings = {
				ASSETCATALOG_COMPILER_APPICON_NAME = AppIcon;
				ASSETCATALOG_COMPILER_LAUNCHIMAGE_NAME = LaunchImage;
				GCC_PRECOMPILE_PREFIX_HEADER = YES;
				GCC_PREFIX_HEADER = "Presidents/Presidents-Prefix.pch";
				INFOPLIST_FILE = "Presidents/Presidents-Info.plist";
				IPHONEOS_DEPLOYMENT_TARGET = 8.0;
				PRODUCT_NAME = "$(TARGET_NAME)";
				TARGETED_DEVICE_FAMILY = 2;
				WRAPPER_EXTENSION = app;
			};
			name = Release;
		};
		FE3C70B81932E5D2000ADDF2 /* Debug */ = {
			isa = XCBuildConfiguration;
			buildSettings = {
				BUNDLE_LOADER = "$(BUILT_PRODUCTS_DIR)/Presidents.app/Presidents";
				FRAMEWORK_SEARCH_PATHS = (
					"$(SDKROOT)/Developer/Library/Frameworks",
					"$(inherited)",
					"$(DEVELOPER_FRAMEWORKS_DIR)",
				);
				GCC_PRECOMPILE_PREFIX_HEADER = YES;
				GCC_PREFIX_HEADER = "Presidents/Presidents-Prefix.pch";
				GCC_PREPROCESSOR_DEFINITIONS = (
					"DEBUG=1",
					"$(inherited)",
				);
				INFOPLIST_FILE = "PresidentsTests/PresidentsTests-Info.plist";
				PRODUCT_NAME = "$(TARGET_NAME)";
				TEST_HOST = "$(BUNDLE_LOADER)";
				WRAPPER_EXTENSION = xctest;
			};
			name = Debug;
		};
		FE3C70B91932E5D2000ADDF2 /* Release */ = {
			isa = XCBuildConfiguration;
			buildSettings = {
				BUNDLE_LOADER = "$(BUILT_PRODUCTS_DIR)/Presidents.app/Presidents";
				FRAMEWORK_SEARCH_PATHS = (
					"$(SDKROOT)/Developer/Library/Frameworks",
					"$(inherited)",
					"$(DEVELOPER_FRAMEWORKS_DIR)",
				);
				GCC_PRECOMPILE_PREFIX_HEADER = YES;
				GCC_PREFIX_HEADER = "Presidents/Presidents-Prefix.pch";
				INFOPLIST_FILE = "PresidentsTests/PresidentsTests-Info.plist";
				PRODUCT_NAME = "$(TARGET_NAME)";
				TEST_HOST = "$(BUNDLE_LOADER)";
				WRAPPER_EXTENSION = xctest;
			};
			name = Release;
		};
/* End XCBuildConfiguration section */

/* Begin XCConfigurationList section */
		FE3C707A1932E5D1000ADDF2 /* Build configuration list for PBXProject "Presidents" */ = {
			isa = XCConfigurationList;
			buildConfigurations = (
				FE3C70B21932E5D2000ADDF2 /* Debug */,
				FE3C70B31932E5D2000ADDF2 /* Release */,
			);
			defaultConfigurationIsVisible = 0;
			defaultConfigurationName = Release;
		};
		FE3C70B41932E5D2000ADDF2 /* Build configuration list for PBXNativeTarget "Presidents" */ = {
			isa = XCConfigurationList;
			buildConfigurations = (
				FE3C70B51932E5D2000ADDF2 /* Debug */,
				FE3C70B61932E5D2000ADDF2 /* Release */,
			);
			defaultConfigurationIsVisible = 0;
			defaultConfigurationName = Release;
		};
		FE3C70B71932E5D2000ADDF2 /* Build configuration list for PBXNativeTarget "PresidentsTests" */ = {
			isa = XCConfigurationList;
			buildConfigurations = (
				FE3C70B81932E5D2000ADDF2 /* Debug */,
				FE3C70B91932E5D2000ADDF2 /* Release */,
			);
			defaultConfigurationIsVisible = 0;
			defaultConfigurationName = Release;
		};
/* End XCConfigurationList section */
	};
	rootObject = FE3C70771932E5D1000ADDF2 /* Project object */;
}
